
Microsoft Visual Studio Solution File, Format Version 12.00
# Visual Studio Version 17
VisualStudioVersion = 17.7.34202.233
MinimumVisualStudioVersion = 10.0.40219.1
Project("{9A19103F-16F7-4668-BE54-9A1E7A4F7556}") = "SignTrainer", "SignTrainer\SignTrainer.csproj", "{1FC85019-D103-4FA8-B8D9-18D2A3D43BE8}"
EndProject
Global
	GlobalSection(SolutionConfigurationPlatforms) = preSolution
		Debug|Any CPU = Debug|Any CPU
		Release|Any CPU = Release|Any CPU
	EndGlobalSection
	GlobalSection(ProjectConfigurationPlatforms) = postSolution
		{1FC85019-D103-4FA8-B8D9-18D2A3D43BE8}.Debug|Any CPU.ActiveCfg = Debug|Any CPU
		{1FC85019-D103-4FA8-B8D9-18D2A3D43BE8}.Debug|Any CPU.Build.0 = Debug|Any CPU
		{1FC85019-D103-4FA8-B8D9-18D2A3D43BE8}.Release|Any CPU.ActiveCfg = Release|Any CPU
		{1FC85019-D103-4FA8-B8D9-18D2A3D43BE8}.Release|Any CPU.Build.0 = Release|Any CPU
	EndGlobalSection
	GlobalSection(SolutionProperties) = preSolution
		HideSolutionNode = FALSE
	EndGlobalSection
	GlobalSection(ExtensibilityGlobals) = postSolution
		SolutionGuid = {B3840872-3290-4581-98D9-40F513F4B8D9}
	EndGlobalSection
EndGlobal
