
Microsoft Visual Studio Solution File, Format Version 12.00
# Visual Studio Version 17
VisualStudioVersion = 17.7.34202.233
MinimumVisualStudioVersion = 10.0.40219.1
Project("{9A19103F-16F7-4668-BE54-9A1E7A4F7556}") = "ARJE.Utils", "ARJE.Utils.csproj", "{A3B7C871-0F41-4C56-9B17-B41DD966EB17}"
EndProject
Global
	GlobalSection(SolutionConfigurationPlatforms) = preSolution
		Debug|x64 = Debug|x64
		Release|x64 = Release|x64
	EndGlobalSection
	GlobalSection(ProjectConfigurationPlatforms) = postSolution
		{A3B7C871-0F41-4C56-9B17-B41DD966EB17}.Debug|x64.ActiveCfg = Debug|x64
		{A3B7C871-0F41-4C56-9B17-B41DD966EB17}.Debug|x64.Build.0 = Debug|x64
		{A3B7C871-0F41-4C56-9B17-B41DD966EB17}.Release|x64.ActiveCfg = Release|x64
		{A3B7C871-0F41-4C56-9B17-B41DD966EB17}.Release|x64.Build.0 = Release|x64
	EndGlobalSection
	GlobalSection(SolutionProperties) = preSolution
		HideSolutionNode = FALSE
	EndGlobalSection
	GlobalSection(ExtensibilityGlobals) = postSolution
		SolutionGuid = {655F44D9-6B7B-4CB1-A616-F584A345AB2F}
	EndGlobalSection
EndGlobal
