
Microsoft Visual Studio Solution File, Format Version 12.00
# Visual Studio Version 17
VisualStudioVersion = 17.7.34202.233
MinimumVisualStudioVersion = 10.0.40219.1
Project("{9A19103F-16F7-4668-BE54-9A1E7A4F7556}") = "ARJE.SignTrainer", "ARJE.SignTrainer.csproj", "{803C4937-BCAD-4662-BD5E-0AE4DBA8A2E4}"
EndProject
Project("{9A19103F-16F7-4668-BE54-9A1E7A4F7556}") = "ARJE.Utils", "..\Utils\ARJE.Utils.csproj", "{506ECF17-39B7-4833-AFD4-4CFE5B7DABD9}"
EndProject
Global
	GlobalSection(SolutionConfigurationPlatforms) = preSolution
		Debug|x64 = Debug|x64
		Release|x64 = Release|x64
	EndGlobalSection
	GlobalSection(ProjectConfigurationPlatforms) = postSolution
		{803C4937-BCAD-4662-BD5E-0AE4DBA8A2E4}.Debug|x64.ActiveCfg = Debug|x64
		{803C4937-BCAD-4662-BD5E-0AE4DBA8A2E4}.Debug|x64.Build.0 = Debug|x64
		{803C4937-BCAD-4662-BD5E-0AE4DBA8A2E4}.Release|x64.ActiveCfg = Release|x64
		{803C4937-BCAD-4662-BD5E-0AE4DBA8A2E4}.Release|x64.Build.0 = Release|x64
		{506ECF17-39B7-4833-AFD4-4CFE5B7DABD9}.Debug|x64.ActiveCfg = Debug|x64
		{506ECF17-39B7-4833-AFD4-4CFE5B7DABD9}.Debug|x64.Build.0 = Debug|x64
		{506ECF17-39B7-4833-AFD4-4CFE5B7DABD9}.Release|x64.ActiveCfg = Release|x64
		{506ECF17-39B7-4833-AFD4-4CFE5B7DABD9}.Release|x64.Build.0 = Release|x64
	EndGlobalSection
	GlobalSection(SolutionProperties) = preSolution
		HideSolutionNode = FALSE
	EndGlobalSection
	GlobalSection(ExtensibilityGlobals) = postSolution
		SolutionGuid = {2CB87498-98A1-4F0A-9149-E7C4F4CE92CA}
	EndGlobalSection
EndGlobal
