
Microsoft Visual Studio Solution File, Format Version 12.00
# Visual Studio Version 17
VisualStudioVersion = 17.7.34031.279
MinimumVisualStudioVersion = 10.0.40219.1
Project("{9A19103F-16F7-4668-BE54-9A1E7A4F7556}") = "ARJE.SignPractice", "ARJE.SignPractice.csproj", "{756FCA63-BA27-4AC7-9140-E29E2526B912}"
EndProject
Project("{9A19103F-16F7-4668-BE54-9A1E7A4F7556}") = "ARJE.Utils", "..\Utils\ARJE.Utils.csproj", "{ED1300BF-8024-4B5A-98A2-3B574A783C3A}"
EndProject
Project("{9A19103F-16F7-4668-BE54-9A1E7A4F7556}") = "ARJE.SignTrainer", "..\SignTrainer\ARJE.SignTrainer.csproj", "{54D6C773-131C-4D28-B8B3-76982CA5E5A5}"
EndProject
Global
	GlobalSection(SolutionConfigurationPlatforms) = preSolution
		Debug|x64 = Debug|x64
		Release|x64 = Release|x64
	EndGlobalSection
	GlobalSection(ProjectConfigurationPlatforms) = postSolution
		{756FCA63-BA27-4AC7-9140-E29E2526B912}.Debug|x64.ActiveCfg = Debug|x64
		{756FCA63-BA27-4AC7-9140-E29E2526B912}.Debug|x64.Build.0 = Debug|x64
		{756FCA63-BA27-4AC7-9140-E29E2526B912}.Release|x64.ActiveCfg = Release|x64
		{756FCA63-BA27-4AC7-9140-E29E2526B912}.Release|x64.Build.0 = Release|x64
		{ED1300BF-8024-4B5A-98A2-3B574A783C3A}.Debug|x64.ActiveCfg = Debug|x64
		{ED1300BF-8024-4B5A-98A2-3B574A783C3A}.Debug|x64.Build.0 = Debug|x64
		{ED1300BF-8024-4B5A-98A2-3B574A783C3A}.Release|x64.ActiveCfg = Release|x64
		{ED1300BF-8024-4B5A-98A2-3B574A783C3A}.Release|x64.Build.0 = Release|x64
		{54D6C773-131C-4D28-B8B3-76982CA5E5A5}.Debug|x64.ActiveCfg = Debug|x64
		{54D6C773-131C-4D28-B8B3-76982CA5E5A5}.Debug|x64.Build.0 = Debug|x64
		{54D6C773-131C-4D28-B8B3-76982CA5E5A5}.Release|x64.ActiveCfg = Release|x64
		{54D6C773-131C-4D28-B8B3-76982CA5E5A5}.Release|x64.Build.0 = Release|x64
	EndGlobalSection
	GlobalSection(SolutionProperties) = preSolution
		HideSolutionNode = FALSE
	EndGlobalSection
	GlobalSection(ExtensibilityGlobals) = postSolution
		SolutionGuid = {CE9E6D08-A2E4-4560-8BA6-B6704852C00A}
	EndGlobalSection
EndGlobal
